{
  "name": "@eclecticpassions/indiekit-preset-hugo",
  "version": "1.0.4",
  "lockfileVersion": 3,
  "requires": true,
  "packages": {
    "": {
      "name": "@eclecticpassions/indiekit-preset-hugo",
      "version": "1.0.4",
      "license": "MIT",
      "dependencies": {
        "@iarna/toml": "^2.2.5",
        "camelcase-keys": "^10.0.2",
        "luxon": "^3.7.2",
        "plur": "^6.0.0",
        "yaml": "^2.9.0"
      },
      "engines": {
        "node": ">=24.17.0"
      }
    },
    "node_modules/@iarna/toml": {
      "version": "2.2.5",
      "resolved": "https://registry.npmjs.org/@iarna/toml/-/toml-2.2.5.tgz",
      "integrity": "sha512-trnsAYxU3xnS1gPHPyU961coFyLkh4gAD/0zQ5mymY4yOZ+CYvsPqUbOFSw0aDM4y0tV7tiFxL/1XfXPNC6IPg==",
      "license": "ISC"
    },
    "node_modules/camelcase": {
      "version": "9.0.0",
      "resolved": "https://registry.npmjs.org/camelcase/-/camelcase-9.0.0.tgz",
      "integrity": "sha512-TO9xmyXTZ9HUHI8M1OnvExxYB0eYVS/1e5s7IDMTAoIcwUd+aNcFODs6Xk83mobk0velyHFQgA1yIrvYc6wclw==",
      "license": "MIT",
      "engines": {
        "node": ">=20"
      },
      "funding": {
        "url": "https://github.com/sponsors/sindresorhus"
      }
    },
    "node_modules/camelcase-keys": {
      "version": "10.0.2",
      "resolved": "https://registry.npmjs.org/camelcase-keys/-/camelcase-keys-10.0.2.tgz",
      "integrity": "sha512-PVHCLVbJ7nWGal0lPAmBN5eSLjIynlMUk2EPmL9aPl6QyJ6+FoszTKwldPzkuVqg5teZbPTbb8Oenzyw9GSJRw==",
      "license": "MIT",
      "dependencies": {
        "camelcase": "^9.0.0",
        "map-obj": "6.0.0",
        "quick-lru": "^7.3.0",
        "type-fest": "^5.4.1"
      },
      "engines": {
        "node": ">=20"
      },
      "funding": {
        "url": "https://github.com/sponsors/sindresorhus"
      }
    },
    "node_modules/irregular-plurals": {
      "version": "4.2.0",
      "resolved": "https://registry.npmjs.org/irregular-plurals/-/irregular-plurals-4.2.0.tgz",
      "integrity": "sha512-bW9UXHL7bnUcNtTo+9ccSngbxc+V40H32IgvdVin0Xs8gbo+AVYD5g/72ce/54Kjfhq66vcZr8H8TKEvsifeOw==",
      "license": "MIT",
      "engines": {
        "node": ">=18.20"
      },
      "funding": {
        "url": "https://github.com/sponsors/sindresorhus"
      }
    },
    "node_modules/luxon": {
      "version": "3.7.2",
      "resolved": "https://registry.npmjs.org/luxon/-/luxon-3.7.2.tgz",
      "integrity": "sha512-vtEhXh/gNjI9Yg1u4jX/0YVPMvxzHuGgCm6tC5kZyb08yjGWGnqAjGJvcXbqQR2P3MyMEFnRbpcdFS6PBcLqew==",
      "license": "MIT",
      "engines": {
        "node": ">=12"
      }
    },
    "node_modules/map-obj": {
      "version": "6.0.0",
      "resolved": "https://registry.npmjs.org/map-obj/-/map-obj-6.0.0.tgz",
      "integrity": "sha512-PwDvwt/tK70+luLw5k9ySLtzLAzwf7tZTY9GBj63Y010nHRPjwHcQTpTd5JwQqITC2ty7prtxBo71iwyYY0TAg==",
      "license": "MIT",
      "engines": {
        "node": ">=20"
      },
      "funding": {
        "url": "https://github.com/sponsors/sindresorhus"
      }
    },
    "node_modules/plur": {
      "version": "6.0.0",
      "resolved": "https://registry.npmjs.org/plur/-/plur-6.0.0.tgz",
      "integrity": "sha512-Y9wXQivjRX0REtwpA9+n0bYYypWESn3cWtW2vazymw711qn+AQXxzZjRqhANYGBLIMC1UzVdpwe/1hHQwHfwng==",
      "license": "MIT",
      "dependencies": {
        "irregular-plurals": "^4.2.0"
      },
      "engines": {
        "node": ">=20"
      },
      "funding": {
        "url": "https://github.com/sponsors/sindresorhus"
      }
    },
    "node_modules/quick-lru": {
      "version": "7.3.0",
      "resolved": "https://registry.npmjs.org/quick-lru/-/quick-lru-7.3.0.tgz",
      "integrity": "sha512-k9lSsjl36EJdK7I06v7APZCbyGT2vMTsYSRX1Q2nbYmnkBqgUhRkAuzH08Ciotteu/PLJmIF2+tti7o3C/ts2g==",
      "license": "MIT",
      "engines": {
        "node": ">=18"
      },
      "funding": {
        "url": "https://github.com/sponsors/sindresorhus"
      }
    },
    "node_modules/tagged-tag": {
      "version": "1.0.0",
      "resolved": "https://registry.npmjs.org/tagged-tag/-/tagged-tag-1.0.0.tgz",
      "integrity": "sha512-yEFYrVhod+hdNyx7g5Bnkkb0G6si8HJurOoOEgC8B/O0uXLHlaey/65KRv6cuWBNhBgHKAROVpc7QyYqE5gFng==",
      "license": "MIT",
      "engines": {
        "node": ">=20"
      },
      "funding": {
        "url": "https://github.com/sponsors/sindresorhus"
      }
    },
    "node_modules/type-fest": {
      "version": "5.8.0",
      "resolved": "https://registry.npmjs.org/type-fest/-/type-fest-5.8.0.tgz",
      "integrity": "sha512-YGYEVz3Fm5iy/AybuA0oyNFq7H4CgQNfRp/qfe8nurE1kuCeNm3/vfm9X4Mtl+qLyaKJUh5xrFZwogr41SMjYA==",
      "license": "(MIT OR CC0-1.0)",
      "dependencies": {
        "tagged-tag": "^1.0.0"
      },
      "engines": {
        "node": ">=20"
      },
      "funding": {
        "url": "https://github.com/sponsors/sindresorhus"
      }
    },
    "node_modules/yaml": {
      "version": "2.9.0",
      "resolved": "https://registry.npmjs.org/yaml/-/yaml-2.9.0.tgz",
      "integrity": "sha512-2AvhNX3mb8zd6Zy7INTtSpl1F15HW6Wnqj0srWlkKLcpYl/gMIMJiyuGq2KeI2YFxUPjdlB+3Lc10seMLtL4cA==",
      "license": "ISC",
      "bin": {
        "yaml": "bin.mjs"
      },
      "engines": {
        "node": ">= 14.6"
      },
      "funding": {
        "url": "https://github.com/sponsors/eemeli"
      }
    }
  }
}
